// !$*UTF8*$!
{
	archiveVersion = 1;
	classes = {
	};
	objectVersion = 48;
	objects = {

/* Begin PBXBuildFile section */
		0D4ED4D73BABDA23BB53F633 /* libPods-KSYLiveUIDemo.a in Frameworks */ = {isa = PBXBuildFile; fileRef = 1AE57DFBFECD40C7E13ED1F3 /* libPods-KSYLiveUIDemo.a */; };
		7805081A1FAC1C9C0044754A /* AppDelegate.m in Sources */ = {isa = PBXBuildFile; fileRef = 780508191FAC1C9C0044754A /* AppDelegate.m */; };
		7805081D1FAC1C9C0044754A /* ViewController.m in Sources */ = {isa = PBXBuildFile; fileRef = 7805081C1FAC1C9C0044754A /* ViewController.m */; };
		780508201FAC1C9C0044754A /* Main.storyboard in Resources */ = {isa = PBXBuildFile; fileRef = 7805081E1FAC1C9C0044754A /* Main.storyboard */; };
		780508221FAC1C9C0044754A /* Assets.xcassets in Resources */ = {isa = PBXBuildFile; fileRef = 780508211FAC1C9C0044754A /* Assets.xcassets */; };
		780508251FAC1C9C0044754A /* LaunchScreen.storyboard in Resources */ = {isa = PBXBuildFile; fileRef = 780508231FAC1C9C0044754A /* LaunchScreen.storyboard */; };
		780508281FAC1C9C0044754A /* main.m in Sources */ = {isa = PBXBuildFile; fileRef = 780508271FAC1C9C0044754A /* main.m */; };
		780508321FAC1C9C0044754A /* KSYLiveUIDemoTests.m in Sources */ = {isa = PBXBuildFile; fileRef = 780508311FAC1C9C0044754A /* KSYLiveUIDemoTests.m */; };
		7805083D1FAC1C9C0044754A /* KSYLiveUIDemoUITests.m in Sources */ = {isa = PBXBuildFile; fileRef = 7805083C1FAC1C9C0044754A /* KSYLiveUIDemoUITests.m */; };
		780508591FAC35780044754A /* KSYMainUIVC.m in Sources */ = {isa = PBXBuildFile; fileRef = 780508581FAC35780044754A /* KSYMainUIVC.m */; };
		7805085C1FAC36CC0044754A /* LocalString.strings in Resources */ = {isa = PBXBuildFile; fileRef = 7805085B1FAC36CC0044754A /* LocalString.strings */; };
		780508631FAC4EBC0044754A /* KSYCustomLabel.m in Sources */ = {isa = PBXBuildFile; fileRef = 780508621FAC4EBC0044754A /* KSYCustomLabel.m */; };
		780508661FAC584C0044754A /* KSYCustomButton.m in Sources */ = {isa = PBXBuildFile; fileRef = 780508651FAC584C0044754A /* KSYCustomButton.m */; };
		786E0C481FAC6D8E005B499C /* KSYNavigationViewController.m in Sources */ = {isa = PBXBuildFile; fileRef = 786E0C471FAC6D8E005B499C /* KSYNavigationViewController.m */; };
		786E0C4B1FAC6DB5005B499C /* KSYTabBarViewController.m in Sources */ = {isa = PBXBuildFile; fileRef = 786E0C4A1FAC6DB5005B499C /* KSYTabBarViewController.m */; };
		78F3C7801FAFF4AB00497D29 /* KSYDemandListViewController.m in Sources */ = {isa = PBXBuildFile; fileRef = 78F3C77F1FAFF4AB00497D29 /* KSYDemandListViewController.m */; };
		78F3C7831FAFF4BA00497D29 /* KSYLiveListViewController.m in Sources */ = {isa = PBXBuildFile; fileRef = 78F3C7821FAFF4BA00497D29 /* KSYLiveListViewController.m */; };
		78F3C7871FB0064300497D29 /* KSYLiveOnFlowViewController.m in Sources */ = {isa = PBXBuildFile; fileRef = 78F3C7861FB0064300497D29 /* KSYLiveOnFlowViewController.m */; };
		78F3C7A41FB015F200497D29 /* UIView+Extension.m in Sources */ = {isa = PBXBuildFile; fileRef = 78F3C7A21FB015F200497D29 /* UIView+Extension.m */; };
		78F3C7AB1FB0166D00497D29 /* WXCustomTabBar.m in Sources */ = {isa = PBXBuildFile; fileRef = 78F3C7A51FB0166C00497D29 /* WXCustomTabBar.m */; };
		78F3C7AC1FB0166D00497D29 /* UIImage+image.m in Sources */ = {isa = PBXBuildFile; fileRef = 78F3C7A71FB0166C00497D29 /* UIImage+image.m */; };
		78F3C7AD1FB0166D00497D29 /* UIBarButtonItem+Item.m in Sources */ = {isa = PBXBuildFile; fileRef = 78F3C7A81FB0166D00497D29 /* UIBarButtonItem+Item.m */; };
		78F3C7BF1FB04DBF00497D29 /* KSYTabBarButton.m in Sources */ = {isa = PBXBuildFile; fileRef = 78F3C7BE1FB04DBF00497D29 /* KSYTabBarButton.m */; };
		78F3CA011FB0827600497D29 /* libsqlite3.tbd in Frameworks */ = {isa = PBXBuildFile; fileRef = 78F3CA001FB0827600497D29 /* libsqlite3.tbd */; };
		78F3CA031FB0828A00497D29 /* SystemConfiguration.framework in Frameworks */ = {isa = PBXBuildFile; fileRef = 78F3CA021FB0828100497D29 /* SystemConfiguration.framework */; };
		78F3CA051FB082AB00497D29 /* VideoToolbox.framework in Frameworks */ = {isa = PBXBuildFile; fileRef = 78F3CA041FB0829500497D29 /* VideoToolbox.framework */; };
		78F3CA071FB082BF00497D29 /* libstdc++.6.tbd in Frameworks */ = {isa = PBXBuildFile; fileRef = 78F3CA061FB082BF00497D29 /* libstdc++.6.tbd */; };
		78F3CA091FB082CC00497D29 /* libstdc++.tbd in Frameworks */ = {isa = PBXBuildFile; fileRef = 78F3CA081FB082CC00497D29 /* libstdc++.tbd */; };
		78F3CA0B1FB082D600497D29 /* libbz2.tbd in Frameworks */ = {isa = PBXBuildFile; fileRef = 78F3CA0A1FB082D600497D29 /* libbz2.tbd */; };
		78F3CA0D1FB082DF00497D29 /* libz.tbd in Frameworks */ = {isa = PBXBuildFile; fileRef = 78F3CA0C1FB082DF00497D29 /* libz.tbd */; };
/* End PBXBuildFile section */

/* Begin PBXContainerItemProxy section */
		7805082E1FAC1C9C0044754A /* PBXContainerItemProxy */ = {
			isa = PBXContainerItemProxy;
			containerPortal = 7805080D1FAC1C9C0044754A /* Project object */;
			proxyType = 1;
			remoteGlobalIDString = 780508141FAC1C9C0044754A;
			remoteInfo = KSYLiveUIDemo;
		};
		780508391FAC1C9C0044754A /* PBXContainerItemProxy */ = {
			isa = PBXContainerItemProxy;
			containerPortal = 7805080D1FAC1C9C0044754A /* Project object */;
			proxyType = 1;
			remoteGlobalIDString = 780508141FAC1C9C0044754A;
			remoteInfo = KSYLiveUIDemo;
		};
/* End PBXContainerItemProxy section */

/* Begin PBXFileReference section */
		1AE57DFBFECD40C7E13ED1F3 /* libPods-KSYLiveUIDemo.a */ = {isa = PBXFileReference; explicitFileType = archive.ar; includeInIndex = 0; path = "libPods-KSYLiveUIDemo.a"; sourceTree = BUILT_PRODUCTS_DIR; };
		780508151FAC1C9C0044754A /* KSYLiveUIDemo.app */ = {isa = PBXFileReference; explicitFileType = wrapper.application; includeInIndex = 0; path = KSYLiveUIDemo.app; sourceTree = BUILT_PRODUCTS_DIR; };
		780508181FAC1C9C0044754A /* AppDelegate.h */ = {isa = PBXFileReference; lastKnownFileType = sourcecode.c.h; path = AppDelegate.h; sourceTree = "<group>"; };
		780508191FAC1C9C0044754A /* AppDelegate.m */ = {isa = PBXFileReference; lastKnownFileType = sourcecode.c.objc; path = AppDelegate.m; sourceTree = "<group>"; };
		7805081B1FAC1C9C0044754A /* ViewController.h */ = {isa = PBXFileReference; lastKnownFileType = sourcecode.c.h; path = ViewController.h; sourceTree = "<group>"; };
		7805081C1FAC1C9C0044754A /* ViewController.m */ = {isa = PBXFileReference; lastKnownFileType = sourcecode.c.objc; path = ViewController.m; sourceTree = "<group>"; };
		7805081F1FAC1C9C0044754A /* Base */ = {isa = PBXFileReference; lastKnownFileType = file.storyboard; name = Base; path = Base.lproj/Main.storyboard; sourceTree = "<group>"; };
		780508211FAC1C9C0044754A /* Assets.xcassets */ = {isa = PBXFileReference; lastKnownFileType = folder.assetcatalog; path = Assets.xcassets; sourceTree = "<group>"; };
		780508241FAC1C9C0044754A /* Base */ = {isa = PBXFileReference; lastKnownFileType = file.storyboard; name = Base; path = Base.lproj/LaunchScreen.storyboard; sourceTree = "<group>"; };
		780508261FAC1C9C0044754A /* Info.plist */ = {isa = PBXFileReference; lastKnownFileType = text.plist.xml; path = Info.plist; sourceTree = "<group>"; };
		780508271FAC1C9C0044754A /* main.m */ = {isa = PBXFileReference; lastKnownFileType = sourcecode.c.objc; path = main.m; sourceTree = "<group>"; };
		7805082D1FAC1C9C0044754A /* KSYLiveUIDemoTests.xctest */ = {isa = PBXFileReference; explicitFileType = wrapper.cfbundle; includeInIndex = 0; path = KSYLiveUIDemoTests.xctest; sourceTree = BUILT_PRODUCTS_DIR; };
		780508311FAC1C9C0044754A /* KSYLiveUIDemoTests.m */ = {isa = PBXFileReference; lastKnownFileType = sourcecode.c.objc; path = KSYLiveUIDemoTests.m; sourceTree = "<group>"; };
		780508331FAC1C9C0044754A /* Info.plist */ = {isa = PBXFileReference; lastKnownFileType = text.plist.xml; path = Info.plist; sourceTree = "<group>"; };
		780508381FAC1C9C0044754A /* KSYLiveUIDemoUITests.xctest */ = {isa = PBXFileReference; explicitFileType = wrapper.cfbundle; includeInIndex = 0; path = KSYLiveUIDemoUITests.xctest; sourceTree = BUILT_PRODUCTS_DIR; };
		7805083C1FAC1C9C0044754A /* KSYLiveUIDemoUITests.m */ = {isa = PBXFileReference; lastKnownFileType = sourcecode.c.objc; path = KSYLiveUIDemoUITests.m; sourceTree = "<group>"; };
		7805083E1FAC1C9C0044754A /* Info.plist */ = {isa = PBXFileReference; lastKnownFileType = text.plist.xml; path = Info.plist; sourceTree = "<group>"; };
		780508571FAC35780044754A /* KSYMainUIVC.h */ = {isa = PBXFileReference; lastKnownFileType = sourcecode.c.h; path = KSYMainUIVC.h; sourceTree = "<group>"; };
		780508581FAC35780044754A /* KSYMainUIVC.m */ = {isa = PBXFileReference; lastKnownFileType = sourcecode.c.objc; path = KSYMainUIVC.m; sourceTree = "<group>"; };
		7805085A1FAC35CC0044754A /* PrefixHeader.pch */ = {isa = PBXFileReference; lastKnownFileType = sourcecode.c.h; path = PrefixHeader.pch; sourceTree = "<group>"; };
		7805085B1FAC36CC0044754A /* LocalString.strings */ = {isa = PBXFileReference; lastKnownFileType = text.plist.strings; path = LocalString.strings; sourceTree = "<group>"; };
		780508611FAC4EBC0044754A /* KSYCustomLabel.h */ = {isa = PBXFileReference; lastKnownFileType = sourcecode.c.h; path = KSYCustomLabel.h; sourceTree = "<group>"; };
		780508621FAC4EBC0044754A /* KSYCustomLabel.m */ = {isa = PBXFileReference; lastKnownFileType = sourcecode.c.objc; path = KSYCustomLabel.m; sourceTree = "<group>"; };
		780508641FAC584C0044754A /* KSYCustomButton.h */ = {isa = PBXFileReference; lastKnownFileType = sourcecode.c.h; path = KSYCustomButton.h; sourceTree = "<group>"; };
		780508651FAC584C0044754A /* KSYCustomButton.m */ = {isa = PBXFileReference; lastKnownFileType = sourcecode.c.objc; path = KSYCustomButton.m; sourceTree = "<group>"; };
		786E0C461FAC6D8E005B499C /* KSYNavigationViewController.h */ = {isa = PBXFileReference; lastKnownFileType = sourcecode.c.h; path = KSYNavigationViewController.h; sourceTree = "<group>"; };
		786E0C471FAC6D8E005B499C /* KSYNavigationViewController.m */ = {isa = PBXFileReference; lastKnownFileType = sourcecode.c.objc; path = KSYNavigationViewController.m; sourceTree = "<group>"; };
		786E0C491FAC6DB5005B499C /* KSYTabBarViewController.h */ = {isa = PBXFileReference; lastKnownFileType = sourcecode.c.h; path = KSYTabBarViewController.h; sourceTree = "<group>"; };
		786E0C4A1FAC6DB5005B499C /* KSYTabBarViewController.m */ = {isa = PBXFileReference; lastKnownFileType = sourcecode.c.objc; path = KSYTabBarViewController.m; sourceTree = "<group>"; };
		78F3C77E1FAFF4AB00497D29 /* KSYDemandListViewController.h */ = {isa = PBXFileReference; lastKnownFileType = sourcecode.c.h; path = KSYDemandListViewController.h; sourceTree = "<group>"; };
		78F3C77F1FAFF4AB00497D29 /* KSYDemandListViewController.m */ = {isa = PBXFileReference; lastKnownFileType = sourcecode.c.objc; path = KSYDemandListViewController.m; sourceTree = "<group>"; };
		78F3C7811FAFF4BA00497D29 /* KSYLiveListViewController.h */ = {isa = PBXFileReference; lastKnownFileType = sourcecode.c.h; path = KSYLiveListViewController.h; sourceTree = "<group>"; };
		78F3C7821FAFF4BA00497D29 /* KSYLiveListViewController.m */ = {isa = PBXFileReference; lastKnownFileType = sourcecode.c.objc; path = KSYLiveListViewController.m; sourceTree = "<group>"; };
		78F3C7851FB0064300497D29 /* KSYLiveOnFlowViewController.h */ = {isa = PBXFileReference; lastKnownFileType = sourcecode.c.h; path = KSYLiveOnFlowViewController.h; sourceTree = "<group>"; };
		78F3C7861FB0064300497D29 /* KSYLiveOnFlowViewController.m */ = {isa = PBXFileReference; lastKnownFileType = sourcecode.c.objc; path = KSYLiveOnFlowViewController.m; sourceTree = "<group>"; };
		78F3C7A21FB015F200497D29 /* UIView+Extension.m */ = {isa = PBXFileReference; fileEncoding = 4; lastKnownFileType = sourcecode.c.objc; path = "UIView+Extension.m"; sourceTree = "<group>"; };
		78F3C7A31FB015F200497D29 /* UIView+Extension.h */ = {isa = PBXFileReference; fileEncoding = 4; lastKnownFileType = sourcecode.c.h; path = "UIView+Extension.h"; sourceTree = "<group>"; };
		78F3C7A51FB0166C00497D29 /* WXCustomTabBar.m */ = {isa = PBXFileReference; fileEncoding = 4; lastKnownFileType = sourcecode.c.objc; path = WXCustomTabBar.m; sourceTree = "<group>"; };
		78F3C7A61FB0166C00497D29 /* UIImage+image.h */ = {isa = PBXFileReference; fileEncoding = 4; lastKnownFileType = sourcecode.c.h; path = "UIImage+image.h"; sourceTree = "<group>"; };
		78F3C7A71FB0166C00497D29 /* UIImage+image.m */ = {isa = PBXFileReference; fileEncoding = 4; lastKnownFileType = sourcecode.c.objc; path = "UIImage+image.m"; sourceTree = "<group>"; };
		78F3C7A81FB0166D00497D29 /* UIBarButtonItem+Item.m */ = {isa = PBXFileReference; fileEncoding = 4; lastKnownFileType = sourcecode.c.objc; path = "UIBarButtonItem+Item.m"; sourceTree = "<group>"; };
		78F3C7A91FB0166D00497D29 /* WXCustomTabBar.h */ = {isa = PBXFileReference; fileEncoding = 4; lastKnownFileType = sourcecode.c.h; path = WXCustomTabBar.h; sourceTree = "<group>"; };
		78F3C7AA1FB0166D00497D29 /* UIBarButtonItem+Item.h */ = {isa = PBXFileReference; fileEncoding = 4; lastKnownFileType = sourcecode.c.h; path = "UIBarButtonItem+Item.h"; sourceTree = "<group>"; };
		78F3C7BD1FB04DBF00497D29 /* KSYTabBarButton.h */ = {isa = PBXFileReference; lastKnownFileType = sourcecode.c.h; path = KSYTabBarButton.h; sourceTree = "<group>"; };
		78F3C7BE1FB04DBF00497D29 /* KSYTabBarButton.m */ = {isa = PBXFileReference; lastKnownFileType = sourcecode.c.objc; path = KSYTabBarButton.m; sourceTree = "<group>"; };
		78F3CA001FB0827600497D29 /* libsqlite3.tbd */ = {isa = PBXFileReference; lastKnownFileType = "sourcecode.text-based-dylib-definition"; name = libsqlite3.tbd; path = usr/lib/libsqlite3.tbd; sourceTree = SDKROOT; };
		78F3CA021FB0828100497D29 /* SystemConfiguration.framework */ = {isa = PBXFileReference; lastKnownFileType = wrapper.framework; name = SystemConfiguration.framework; path = System/Library/Frameworks/SystemConfiguration.framework; sourceTree = SDKROOT; };
		78F3CA041FB0829500497D29 /* VideoToolbox.framework */ = {isa = PBXFileReference; lastKnownFileType = wrapper.framework; name = VideoToolbox.framework; path = System/Library/Frameworks/VideoToolbox.framework; sourceTree = SDKROOT; };
		78F3CA061FB082BF00497D29 /* libstdc++.6.tbd */ = {isa = PBXFileReference; lastKnownFileType = "sourcecode.text-based-dylib-definition"; name = "libstdc++.6.tbd"; path = "usr/lib/libstdc++.6.tbd"; sourceTree = SDKROOT; };
		78F3CA081FB082CC00497D29 /* libstdc++.tbd */ = {isa = PBXFileReference; lastKnownFileType = "sourcecode.text-based-dylib-definition"; name = "libstdc++.tbd"; path = "usr/lib/libstdc++.tbd"; sourceTree = SDKROOT; };
		78F3CA0A1FB082D600497D29 /* libbz2.tbd */ = {isa = PBXFileReference; lastKnownFileType = "sourcecode.text-based-dylib-definition"; name = libbz2.tbd; path = usr/lib/libbz2.tbd; sourceTree = SDKROOT; };
		78F3CA0C1FB082DF00497D29 /* libz.tbd */ = {isa = PBXFileReference; lastKnownFileType = "sourcecode.text-based-dylib-definition"; name = libz.tbd; path = usr/lib/libz.tbd; sourceTree = SDKROOT; };
		853AAC30320CD54C7FF37E3E /* Pods-KSYLiveUIDemo.debug.xcconfig */ = {isa = PBXFileReference; includeInIndex = 1; lastKnownFileType = text.xcconfig; name = "Pods-KSYLiveUIDemo.debug.xcconfig"; path = "Pods/Target Support Files/Pods-KSYLiveUIDemo/Pods-KSYLiveUIDemo.debug.xcconfig"; sourceTree = "<group>"; };
		A15EBA62A57CFC2D05FC5DCB /* Pods-KSYLiveUIDemo.release.xcconfig */ = {isa = PBXFileReference; includeInIndex = 1; lastKnownFileType = text.xcconfig; name = "Pods-KSYLiveUIDemo.release.xcconfig"; path = "Pods/Target Support Files/Pods-KSYLiveUIDemo/Pods-KSYLiveUIDemo.release.xcconfig"; sourceTree = "<group>"; };
/* End PBXFileReference section */

/* Begin PBXFrameworksBuildPhase section */
		780508121FAC1C9C0044754A /* Frameworks */ = {
			isa = PBXFrameworksBuildPhase;
			buildActionMask = 2147483647;
			files = (
				78F3CA051FB082AB00497D29 /* VideoToolbox.framework in Frameworks */,
				78F3CA031FB0828A00497D29 /* SystemConfiguration.framework in Frameworks */,
				78F3CA071FB082BF00497D29 /* libstdc++.6.tbd in Frameworks */,
				78F3CA011FB0827600497D29 /* libsqlite3.tbd in Frameworks */,
				78F3CA091FB082CC00497D29 /* libstdc++.tbd in Frameworks */,
				0D4ED4D73BABDA23BB53F633 /* libPods-KSYLiveUIDemo.a in Frameworks */,
				78F3CA0D1FB082DF00497D29 /* libz.tbd in Frameworks */,
				78F3CA0B1FB082D600497D29 /* libbz2.tbd in Frameworks */,
			);
			runOnlyForDeploymentPostprocessing = 0;
		};
		7805082A1FAC1C9C0044754A /* Frameworks */ = {
			isa = PBXFrameworksBuildPhase;
			buildActionMask = 2147483647;
			files = (
			);
			runOnlyForDeploymentPostprocessing = 0;
		};
		780508351FAC1C9C0044754A /* Frameworks */ = {
			isa = PBXFrameworksBuildPhase;
			buildActionMask = 2147483647;
			files = (
			);
			runOnlyForDeploymentPostprocessing = 0;
		};
/* End PBXFrameworksBuildPhase section */

/* Begin PBXGroup section */
		3EC8C8A3C1C600639734C2A2 /* Pods */ = {
			isa = PBXGroup;
			children = (
				853AAC30320CD54C7FF37E3E /* Pods-KSYLiveUIDemo.debug.xcconfig */,
				A15EBA62A57CFC2D05FC5DCB /* Pods-KSYLiveUIDemo.release.xcconfig */,
			);
			name = Pods;
			sourceTree = "<group>";
		};
		7805080C1FAC1C9C0044754A = {
			isa = PBXGroup;
			children = (
				780508171FAC1C9C0044754A /* KSYLiveUIDemo */,
				780508301FAC1C9C0044754A /* KSYLiveUIDemoTests */,
				7805083B1FAC1C9C0044754A /* KSYLiveUIDemoUITests */,
				780508161FAC1C9C0044754A /* Products */,
				3EC8C8A3C1C600639734C2A2 /* Pods */,
				DC3DDC1ACB51C5328D7E4C65 /* Frameworks */,
			);
			sourceTree = "<group>";
		};
		780508161FAC1C9C0044754A /* Products */ = {
			isa = PBXGroup;
			children = (
				780508151FAC1C9C0044754A /* KSYLiveUIDemo.app */,
				7805082D1FAC1C9C0044754A /* KSYLiveUIDemoTests.xctest */,
				780508381FAC1C9C0044754A /* KSYLiveUIDemoUITests.xctest */,
			);
			name = Products;
			sourceTree = "<group>";
		};
		780508171FAC1C9C0044754A /* KSYLiveUIDemo */ = {
			isa = PBXGroup;
			children = (
				780508181FAC1C9C0044754A /* AppDelegate.h */,
				780508191FAC1C9C0044754A /* AppDelegate.m */,
				7805081B1FAC1C9C0044754A /* ViewController.h */,
				7805081C1FAC1C9C0044754A /* ViewController.m */,
				78F3C7841FB0062200497D29 /* LiveOnFlow */,
				788897571FAF38B9001CC789 /* DemandList */,
				788897561FAF3880001CC789 /* LiveList */,
				786E0C421FAC6C26005B499C /* MainFrame */,
				780508561FAC35040044754A /* HomePage */,
				7805081E1FAC1C9C0044754A /* Main.storyboard */,
				780508211FAC1C9C0044754A /* Assets.xcassets */,
				780508231FAC1C9C0044754A /* LaunchScreen.storyboard */,
				780508261FAC1C9C0044754A /* Info.plist */,
				780508271FAC1C9C0044754A /* main.m */,
				7805085A1FAC35CC0044754A /* PrefixHeader.pch */,
				7805085B1FAC36CC0044754A /* LocalString.strings */,
				7805085D1FAC49400044754A /* KSYUIUtils */,
			);
			path = KSYLiveUIDemo;
			sourceTree = "<group>";
		};
		780508301FAC1C9C0044754A /* KSYLiveUIDemoTests */ = {
			isa = PBXGroup;
			children = (
				780508311FAC1C9C0044754A /* KSYLiveUIDemoTests.m */,
				780508331FAC1C9C0044754A /* Info.plist */,
			);
			path = KSYLiveUIDemoTests;
			sourceTree = "<group>";
		};
		7805083B1FAC1C9C0044754A /* KSYLiveUIDemoUITests */ = {
			isa = PBXGroup;
			children = (
				7805083C1FAC1C9C0044754A /* KSYLiveUIDemoUITests.m */,
				7805083E1FAC1C9C0044754A /* Info.plist */,
			);
			path = KSYLiveUIDemoUITests;
			sourceTree = "<group>";
		};
		780508561FAC35040044754A /* HomePage */ = {
			isa = PBXGroup;
			children = (
				780508571FAC35780044754A /* KSYMainUIVC.h */,
				780508581FAC35780044754A /* KSYMainUIVC.m */,
			);
			path = HomePage;
			sourceTree = "<group>";
		};
		7805085D1FAC49400044754A /* KSYUIUtils */ = {
			isa = PBXGroup;
			children = (
				780508611FAC4EBC0044754A /* KSYCustomLabel.h */,
				780508621FAC4EBC0044754A /* KSYCustomLabel.m */,
				780508641FAC584C0044754A /* KSYCustomButton.h */,
				780508651FAC584C0044754A /* KSYCustomButton.m */,
			);
			path = KSYUIUtils;
			sourceTree = "<group>";
		};
		786E0C421FAC6C26005B499C /* MainFrame */ = {
			isa = PBXGroup;
			children = (
				78F3C7951FB006DC00497D29 /* Category */,
				786E0C451FAC6CCA005B499C /* View */,
				786E0C441FAC6CB9005B499C /* ViewController */,
				786E0C431FAC6CB1005B499C /* Model */,
			);
			path = MainFrame;
			sourceTree = "<group>";
		};
		786E0C431FAC6CB1005B499C /* Model */ = {
			isa = PBXGroup;
			children = (
			);
			path = Model;
			sourceTree = "<group>";
		};
		786E0C441FAC6CB9005B499C /* ViewController */ = {
			isa = PBXGroup;
			children = (
				786E0C461FAC6D8E005B499C /* KSYNavigationViewController.h */,
				786E0C471FAC6D8E005B499C /* KSYNavigationViewController.m */,
				786E0C491FAC6DB5005B499C /* KSYTabBarViewController.h */,
				786E0C4A1FAC6DB5005B499C /* KSYTabBarViewController.m */,
			);
			path = ViewController;
			sourceTree = "<group>";
		};
		786E0C451FAC6CCA005B499C /* View */ = {
			isa = PBXGroup;
			children = (
				78F3C7AA1FB0166D00497D29 /* UIBarButtonItem+Item.h */,
				78F3C7A81FB0166D00497D29 /* UIBarButtonItem+Item.m */,
				78F3C7A61FB0166C00497D29 /* UIImage+image.h */,
				78F3C7A71FB0166C00497D29 /* UIImage+image.m */,
				78F3C7A91FB0166D00497D29 /* WXCustomTabBar.h */,
				78F3C7A51FB0166C00497D29 /* WXCustomTabBar.m */,
				78F3C7BD1FB04DBF00497D29 /* KSYTabBarButton.h */,
				78F3C7BE1FB04DBF00497D29 /* KSYTabBarButton.m */,
			);
			path = View;
			sourceTree = "<group>";
		};
		788897561FAF3880001CC789 /* LiveList */ = {
			isa = PBXGroup;
			children = (
				78F3C7811FAFF4BA00497D29 /* KSYLiveListViewController.h */,
				78F3C7821FAFF4BA00497D29 /* KSYLiveListViewController.m */,
			);
			path = LiveList;
			sourceTree = "<group>";
		};
		788897571FAF38B9001CC789 /* DemandList */ = {
			isa = PBXGroup;
			children = (
				78F3C77E1FAFF4AB00497D29 /* KSYDemandListViewController.h */,
				78F3C77F1FAFF4AB00497D29 /* KSYDemandListViewController.m */,
			);
			path = DemandList;
			sourceTree = "<group>";
		};
		78F3C7841FB0062200497D29 /* LiveOnFlow */ = {
			isa = PBXGroup;
			children = (
				78F3C7851FB0064300497D29 /* KSYLiveOnFlowViewController.h */,
				78F3C7861FB0064300497D29 /* KSYLiveOnFlowViewController.m */,
			);
			path = LiveOnFlow;
			sourceTree = "<group>";
		};
		78F3C7951FB006DC00497D29 /* Category */ = {
			isa = PBXGroup;
			children = (
				78F3C7A31FB015F200497D29 /* UIView+Extension.h */,
				78F3C7A21FB015F200497D29 /* UIView+Extension.m */,
			);
			path = Category;
			sourceTree = "<group>";
		};
		DC3DDC1ACB51C5328D7E4C65 /* Frameworks */ = {
			isa = PBXGroup;
			children = (
				78F3CA0C1FB082DF00497D29 /* libz.tbd */,
				78F3CA0A1FB082D600497D29 /* libbz2.tbd */,
				78F3CA081FB082CC00497D29 /* libstdc++.tbd */,
				78F3CA061FB082BF00497D29 /* libstdc++.6.tbd */,
				78F3CA041FB0829500497D29 /* VideoToolbox.framework */,
				78F3CA021FB0828100497D29 /* SystemConfiguration.framework */,
				78F3CA001FB0827600497D29 /* libsqlite3.tbd */,
				1AE57DFBFECD40C7E13ED1F3 /* libPods-KSYLiveUIDemo.a */,
			);
			name = Frameworks;
			sourceTree = "<group>";
		};
/* End PBXGroup section */

/* Begin PBXNativeTarget section */
		780508141FAC1C9C0044754A /* KSYLiveUIDemo */ = {
			isa = PBXNativeTarget;
			buildConfigurationList = 780508411FAC1C9C0044754A /* Build configuration list for PBXNativeTarget "KSYLiveUIDemo" */;
			buildPhases = (
				0339F215C8149419A0291C76 /* [CP] Check Pods Manifest.lock */,
				780508111FAC1C9C0044754A /* Sources */,
				780508121FAC1C9C0044754A /* Frameworks */,
				780508131FAC1C9C0044754A /* Resources */,
				598B50360F27CA236FDD3254 /* [CP] Embed Pods Frameworks */,
				7E16D8BC8D35D3405DF0BB44 /* [CP] Copy Pods Resources */,
			);
			buildRules = (
			);
			dependencies = (
			);
			name = KSYLiveUIDemo;
			productName = KSYLiveUIDemo;
			productReference = 780508151FAC1C9C0044754A /* KSYLiveUIDemo.app */;
			productType = "com.apple.product-type.application";
		};
		7805082C1FAC1C9C0044754A /* KSYLiveUIDemoTests */ = {
			isa = PBXNativeTarget;
			buildConfigurationList = 780508441FAC1C9C0044754A /* Build configuration list for PBXNativeTarget "KSYLiveUIDemoTests" */;
			buildPhases = (
				780508291FAC1C9C0044754A /* Sources */,
				7805082A1FAC1C9C0044754A /* Frameworks */,
				7805082B1FAC1C9C0044754A /* Resources */,
			);
			buildRules = (
			);
			dependencies = (
				7805082F1FAC1C9C0044754A /* PBXTargetDependency */,
			);
			name = KSYLiveUIDemoTests;
			productName = KSYLiveUIDemoTests;
			productReference = 7805082D1FAC1C9C0044754A /* KSYLiveUIDemoTests.xctest */;
			productType = "com.apple.product-type.bundle.unit-test";
		};
		780508371FAC1C9C0044754A /* KSYLiveUIDemoUITests */ = {
			isa = PBXNativeTarget;
			buildConfigurationList = 780508471FAC1C9C0044754A /* Build configuration list for PBXNativeTarget "KSYLiveUIDemoUITests" */;
			buildPhases = (
				780508341FAC1C9C0044754A /* Sources */,
				780508351FAC1C9C0044754A /* Frameworks */,
				780508361FAC1C9C0044754A /* Resources */,
			);
			buildRules = (
			);
			dependencies = (
				7805083A1FAC1C9C0044754A /* PBXTargetDependency */,
			);
			name = KSYLiveUIDemoUITests;
			productName = KSYLiveUIDemoUITests;
			productReference = 780508381FAC1C9C0044754A /* KSYLiveUIDemoUITests.xctest */;
			productType = "com.apple.product-type.bundle.ui-testing";
		};
/* End PBXNativeTarget section */

/* Begin PBXProject section */
		7805080D1FAC1C9C0044754A /* Project object */ = {
			isa = PBXProject;
			attributes = {
				LastUpgradeCheck = 0900;
				ORGANIZATIONNAME = "王旭";
				TargetAttributes = {
					780508141FAC1C9C0044754A = {
						CreatedOnToolsVersion = 9.0.1;
						ProvisioningStyle = Automatic;
					};
					7805082C1FAC1C9C0044754A = {
						CreatedOnToolsVersion = 9.0.1;
						ProvisioningStyle = Automatic;
						TestTargetID = 780508141FAC1C9C0044754A;
					};
					780508371FAC1C9C0044754A = {
						CreatedOnToolsVersion = 9.0.1;
						ProvisioningStyle = Automatic;
						TestTargetID = 780508141FAC1C9C0044754A;
					};
				};
			};
			buildConfigurationList = 780508101FAC1C9C0044754A /* Build configuration list for PBXProject "KSYLiveUIDemo" */;
			compatibilityVersion = "Xcode 8.0";
			developmentRegion = en;
			hasScannedForEncodings = 0;
			knownRegions = (
				en,
				Base,
			);
			mainGroup = 7805080C1FAC1C9C0044754A;
			productRefGroup = 780508161FAC1C9C0044754A /* Products */;
			projectDirPath = "";
			projectRoot = "";
			targets = (
				780508141FAC1C9C0044754A /* KSYLiveUIDemo */,
				7805082C1FAC1C9C0044754A /* KSYLiveUIDemoTests */,
				780508371FAC1C9C0044754A /* KSYLiveUIDemoUITests */,
			);
		};
/* End PBXProject section */

/* Begin PBXResourcesBuildPhase section */
		780508131FAC1C9C0044754A /* Resources */ = {
			isa = PBXResourcesBuildPhase;
			buildActionMask = 2147483647;
			files = (
				780508251FAC1C9C0044754A /* LaunchScreen.storyboard in Resources */,
				7805085C1FAC36CC0044754A /* LocalString.strings in Resources */,
				780508221FAC1C9C0044754A /* Assets.xcassets in Resources */,
				780508201FAC1C9C0044754A /* Main.storyboard in Resources */,
			);
			runOnlyForDeploymentPostprocessing = 0;
		};
		7805082B1FAC1C9C0044754A /* Resources */ = {
			isa = PBXResourcesBuildPhase;
			buildActionMask = 2147483647;
			files = (
			);
			runOnlyForDeploymentPostprocessing = 0;
		};
		780508361FAC1C9C0044754A /* Resources */ = {
			isa = PBXResourcesBuildPhase;
			buildActionMask = 2147483647;
			files = (
			);
			runOnlyForDeploymentPostprocessing = 0;
		};
/* End PBXResourcesBuildPhase section */

/* Begin PBXShellScriptBuildPhase section */
		0339F215C8149419A0291C76 /* [CP] Check Pods Manifest.lock */ = {
			isa = PBXShellScriptBuildPhase;
			buildActionMask = 2147483647;
			files = (
			);
			inputPaths = (
				"${PODS_PODFILE_DIR_PATH}/Podfile.lock",
				"${PODS_ROOT}/Manifest.lock",
			);
			name = "[CP] Check Pods Manifest.lock";
			outputPaths = (
				"$(DERIVED_FILE_DIR)/Pods-KSYLiveUIDemo-checkManifestLockResult.txt",
			);
			runOnlyForDeploymentPostprocessing = 0;
			shellPath = /bin/sh;
			shellScript = "diff \"${PODS_PODFILE_DIR_PATH}/Podfile.lock\" \"${PODS_ROOT}/Manifest.lock\" > /dev/null\nif [ $? != 0 ] ; then\n    # print error to STDERR\n    echo \"error: The sandbox is not in sync with the Podfile.lock. Run 'pod install' or update your CocoaPods installation.\" >&2\n    exit 1\nfi\n# This output is used by Xcode 'outputs' to avoid re-running this script phase.\necho \"SUCCESS\" > \"${SCRIPT_OUTPUT_FILE_0}\"\n";
			showEnvVarsInLog = 0;
		};
		598B50360F27CA236FDD3254 /* [CP] Embed Pods Frameworks */ = {
			isa = PBXShellScriptBuildPhase;
			buildActionMask = 2147483647;
			files = (
			);
			inputPaths = (
			);
			name = "[CP] Embed Pods Frameworks";
			outputPaths = (
			);
			runOnlyForDeploymentPostprocessing = 0;
			shellPath = /bin/sh;
			shellScript = "\"${SRCROOT}/Pods/Target Support Files/Pods-KSYLiveUIDemo/Pods-KSYLiveUIDemo-frameworks.sh\"\n";
			showEnvVarsInLog = 0;
		};
		7E16D8BC8D35D3405DF0BB44 /* [CP] Copy Pods Resources */ = {
			isa = PBXShellScriptBuildPhase;
			buildActionMask = 2147483647;
			files = (
			);
			inputPaths = (
				"${SRCROOT}/Pods/Target Support Files/Pods-KSYLiveUIDemo/Pods-KSYLiveUIDemo-resources.sh",
				"${PODS_ROOT}/GPUImage/framework/Resources/lookup.png",
				"${PODS_ROOT}/GPUImage/framework/Resources/lookup_amatorka.png",
				"${PODS_ROOT}/GPUImage/framework/Resources/lookup_miss_etikate.png",
				"${PODS_ROOT}/GPUImage/framework/Resources/lookup_soft_elegance_1.png",
				"${PODS_ROOT}/GPUImage/framework/Resources/lookup_soft_elegance_2.png",
				"${PODS_ROOT}/libksygpulive/resource/KSYGPUResource.bundle",
			);
			name = "[CP] Copy Pods Resources";
			outputPaths = (
				"${TARGET_BUILD_DIR}/${UNLOCALIZED_RESOURCES_FOLDER_PATH}",
			);
			runOnlyForDeploymentPostprocessing = 0;
			shellPath = /bin/sh;
			shellScript = "\"${SRCROOT}/Pods/Target Support Files/Pods-KSYLiveUIDemo/Pods-KSYLiveUIDemo-resources.sh\"\n";
			showEnvVarsInLog = 0;
		};
/* End PBXShellScriptBuildPhase section */

/* Begin PBXSourcesBuildPhase section */
		780508111FAC1C9C0044754A /* Sources */ = {
			isa = PBXSourcesBuildPhase;
			buildActionMask = 2147483647;
			files = (
				78F3C7A41FB015F200497D29 /* UIView+Extension.m in Sources */,
				78F3C7AD1FB0166D00497D29 /* UIBarButtonItem+Item.m in Sources */,
				78F3C7AC1FB0166D00497D29 /* UIImage+image.m in Sources */,
				78F3C7831FAFF4BA00497D29 /* KSYLiveListViewController.m in Sources */,
				786E0C481FAC6D8E005B499C /* KSYNavigationViewController.m in Sources */,
				7805081D1FAC1C9C0044754A /* ViewController.m in Sources */,
				78F3C7AB1FB0166D00497D29 /* WXCustomTabBar.m in Sources */,
				780508281FAC1C9C0044754A /* main.m in Sources */,
				780508661FAC584C0044754A /* KSYCustomButton.m in Sources */,
				7805081A1FAC1C9C0044754A /* AppDelegate.m in Sources */,
				780508591FAC35780044754A /* KSYMainUIVC.m in Sources */,
				78F3C7BF1FB04DBF00497D29 /* KSYTabBarButton.m in Sources */,
				786E0C4B1FAC6DB5005B499C /* KSYTabBarViewController.m in Sources */,
				780508631FAC4EBC0044754A /* KSYCustomLabel.m in Sources */,
				78F3C7871FB0064300497D29 /* KSYLiveOnFlowViewController.m in Sources */,
				78F3C7801FAFF4AB00497D29 /* KSYDemandListViewController.m in Sources */,
			);
			runOnlyForDeploymentPostprocessing = 0;
		};
		780508291FAC1C9C0044754A /* Sources */ = {
			isa = PBXSourcesBuildPhase;
			buildActionMask = 2147483647;
			files = (
				780508321FAC1C9C0044754A /* KSYLiveUIDemoTests.m in Sources */,
			);
			runOnlyForDeploymentPostprocessing = 0;
		};
		780508341FAC1C9C0044754A /* Sources */ = {
			isa = PBXSourcesBuildPhase;
			buildActionMask = 2147483647;
			files = (
				7805083D1FAC1C9C0044754A /* KSYLiveUIDemoUITests.m in Sources */,
			);
			runOnlyForDeploymentPostprocessing = 0;
		};
/* End PBXSourcesBuildPhase section */

/* Begin PBXTargetDependency section */
		7805082F1FAC1C9C0044754A /* PBXTargetDependency */ = {
			isa = PBXTargetDependency;
			target = 780508141FAC1C9C0044754A /* KSYLiveUIDemo */;
			targetProxy = 7805082E1FAC1C9C0044754A /* PBXContainerItemProxy */;
		};
		7805083A1FAC1C9C0044754A /* PBXTargetDependency */ = {
			isa = PBXTargetDependency;
			target = 780508141FAC1C9C0044754A /* KSYLiveUIDemo */;
			targetProxy = 780508391FAC1C9C0044754A /* PBXContainerItemProxy */;
		};
/* End PBXTargetDependency section */

/* Begin PBXVariantGroup section */
		7805081E1FAC1C9C0044754A /* Main.storyboard */ = {
			isa = PBXVariantGroup;
			children = (
				7805081F1FAC1C9C0044754A /* Base */,
			);
			name = Main.storyboard;
			sourceTree = "<group>";
		};
		780508231FAC1C9C0044754A /* LaunchScreen.storyboard */ = {
			isa = PBXVariantGroup;
			children = (
				780508241FAC1C9C0044754A /* Base */,
			);
			name = LaunchScreen.storyboard;
			sourceTree = "<group>";
		};
/* End PBXVariantGroup section */

/* Begin XCBuildConfiguration section */
		7805083F1FAC1C9C0044754A /* Debug */ = {
			isa = XCBuildConfiguration;
			buildSettings = {
				ALWAYS_SEARCH_USER_PATHS = NO;
				CLANG_ANALYZER_NONNULL = YES;
				CLANG_ANALYZER_NUMBER_OBJECT_CONVERSION = YES_AGGRESSIVE;
				CLANG_CXX_LANGUAGE_STANDARD = "gnu++14";
				CLANG_CXX_LIBRARY = "libc++";
				CLANG_ENABLE_MODULES = YES;
				CLANG_ENABLE_OBJC_ARC = YES;
				CLANG_WARN_BLOCK_CAPTURE_AUTORELEASING = YES;
				CLANG_WARN_BOOL_CONVERSION = YES;
				CLANG_WARN_COMMA = YES;
				CLANG_WARN_CONSTANT_CONVERSION = YES;
				CLANG_WARN_DIRECT_OBJC_ISA_USAGE = YES_ERROR;
				CLANG_WARN_DOCUMENTATION_COMMENTS = YES;
				CLANG_WARN_EMPTY_BODY = YES;
				CLANG_WARN_ENUM_CONVERSION = YES;
				CLANG_WARN_INFINITE_RECURSION = YES;
				CLANG_WARN_INT_CONVERSION = YES;
				CLANG_WARN_NON_LITERAL_NULL_CONVERSION = YES;
				CLANG_WARN_OBJC_LITERAL_CONVERSION = YES;
				CLANG_WARN_OBJC_ROOT_CLASS = YES_ERROR;
				CLANG_WARN_RANGE_LOOP_ANALYSIS = YES;
				CLANG_WARN_STRICT_PROTOTYPES = YES;
				CLANG_WARN_SUSPICIOUS_MOVE = YES;
				CLANG_WARN_UNGUARDED_AVAILABILITY = YES_AGGRESSIVE;
				CLANG_WARN_UNREACHABLE_CODE = YES;
				CLANG_WARN__DUPLICATE_METHOD_MATCH = YES;
				CODE_SIGN_IDENTITY = "iPhone Developer";
				COPY_PHASE_STRIP = NO;
				DEBUG_INFORMATION_FORMAT = dwarf;
				ENABLE_STRICT_OBJC_MSGSEND = YES;
				ENABLE_TESTABILITY = YES;
				GCC_C_LANGUAGE_STANDARD = gnu11;
				GCC_DYNAMIC_NO_PIC = NO;
				GCC_NO_COMMON_BLOCKS = YES;
				GCC_OPTIMIZATION_LEVEL = 0;
				GCC_PREFIX_HEADER = "$(SRCROOT)/KSYLiveUIDemo/PrefixHeader.pch";
				GCC_PREPROCESSOR_DEFINITIONS = (
					"DEBUG=1",
					"$(inherited)",
				);
				GCC_WARN_64_TO_32_BIT_CONVERSION = YES;
				GCC_WARN_ABOUT_RETURN_TYPE = YES_ERROR;
				GCC_WARN_UNDECLARED_SELECTOR = YES;
				GCC_WARN_UNINITIALIZED_AUTOS = YES_AGGRESSIVE;
				GCC_WARN_UNUSED_FUNCTION = YES;
				GCC_WARN_UNUSED_VARIABLE = YES;
				IPHONEOS_DEPLOYMENT_TARGET = 11.0;
				MTL_ENABLE_DEBUG_INFO = YES;
				ONLY_ACTIVE_ARCH = YES;
				SDKROOT = iphoneos;
			};
			name = Debug;
		};
		780508401FAC1C9C0044754A /* Release */ = {
			isa = XCBuildConfiguration;
			buildSettings = {
				ALWAYS_SEARCH_USER_PATHS = NO;
				CLANG_ANALYZER_NONNULL = YES;
				CLANG_ANALYZER_NUMBER_OBJECT_CONVERSION = YES_AGGRESSIVE;
				CLANG_CXX_LANGUAGE_STANDARD = "gnu++14";
				CLANG_CXX_LIBRARY = "libc++";
				CLANG_ENABLE_MODULES = YES;
				CLANG_ENABLE_OBJC_ARC = YES;
				CLANG_WARN_BLOCK_CAPTURE_AUTORELEASING = YES;
				CLANG_WARN_BOOL_CONVERSION = YES;
				CLANG_WARN_COMMA = YES;
				CLANG_WARN_CONSTANT_CONVERSION = YES;
				CLANG_WARN_DIRECT_OBJC_ISA_USAGE = YES_ERROR;
				CLANG_WARN_DOCUMENTATION_COMMENTS = YES;
				CLANG_WARN_EMPTY_BODY = YES;
				CLANG_WARN_ENUM_CONVERSION = YES;
				CLANG_WARN_INFINITE_RECURSION = YES;
				CLANG_WARN_INT_CONVERSION = YES;
				CLANG_WARN_NON_LITERAL_NULL_CONVERSION = YES;
				CLANG_WARN_OBJC_LITERAL_CONVERSION = YES;
				CLANG_WARN_OBJC_ROOT_CLASS = YES_ERROR;
				CLANG_WARN_RANGE_LOOP_ANALYSIS = YES;
				CLANG_WARN_STRICT_PROTOTYPES = YES;
				CLANG_WARN_SUSPICIOUS_MOVE = YES;
				CLANG_WARN_UNGUARDED_AVAILABILITY = YES_AGGRESSIVE;
				CLANG_WARN_UNREACHABLE_CODE = YES;
				CLANG_WARN__DUPLICATE_METHOD_MATCH = YES;
				CODE_SIGN_IDENTITY = "iPhone Developer";
				COPY_PHASE_STRIP = NO;
				DEBUG_INFORMATION_FORMAT = "dwarf-with-dsym";
				ENABLE_NS_ASSERTIONS = NO;
				ENABLE_STRICT_OBJC_MSGSEND = YES;
				GCC_C_LANGUAGE_STANDARD = gnu11;
				GCC_NO_COMMON_BLOCKS = YES;
				GCC_PREFIX_HEADER = "$(SRCROOT)/KSYLiveUIDemo/PrefixHeader.pch";
				GCC_WARN_64_TO_32_BIT_CONVERSION = YES;
				GCC_WARN_ABOUT_RETURN_TYPE = YES_ERROR;
				GCC_WARN_UNDECLARED_SELECTOR = YES;
				GCC_WARN_UNINITIALIZED_AUTOS = YES_AGGRESSIVE;
				GCC_WARN_UNUSED_FUNCTION = YES;
				GCC_WARN_UNUSED_VARIABLE = YES;
				IPHONEOS_DEPLOYMENT_TARGET = 11.0;
				MTL_ENABLE_DEBUG_INFO = NO;
				SDKROOT = iphoneos;
				VALIDATE_PRODUCT = YES;
			};
			name = Release;
		};
		780508421FAC1C9C0044754A /* Debug */ = {
			isa = XCBuildConfiguration;
			baseConfigurationReference = 853AAC30320CD54C7FF37E3E /* Pods-KSYLiveUIDemo.debug.xcconfig */;
			buildSettings = {
				ASSETCATALOG_COMPILER_APPICON_NAME = AppIcon;
				CODE_SIGN_STYLE = Automatic;
				DEVELOPMENT_TEAM = 8Z3BCBA7P2;
				FRAMEWORK_SEARCH_PATHS = (
					"$(inherited)",
					"$(PROJECT_DIR)",
					"$(PROJECT_DIR)/KSYPlayerDemo",
				);
				INFOPLIST_FILE = KSYLiveUIDemo/Info.plist;
				LD_RUNPATH_SEARCH_PATHS = "$(inherited) @executable_path/Frameworks";
				PRODUCT_BUNDLE_IDENTIFIER = wx.KSYLiveUIDemo;
				PRODUCT_NAME = "$(TARGET_NAME)";
				TARGETED_DEVICE_FAMILY = "1,2";
			};
			name = Debug;
		};
		780508431FAC1C9C0044754A /* Release */ = {
			isa = XCBuildConfiguration;
			baseConfigurationReference = A15EBA62A57CFC2D05FC5DCB /* Pods-KSYLiveUIDemo.release.xcconfig */;
			buildSettings = {
				ASSETCATALOG_COMPILER_APPICON_NAME = AppIcon;
				CODE_SIGN_STYLE = Automatic;
				DEVELOPMENT_TEAM = 8Z3BCBA7P2;
				FRAMEWORK_SEARCH_PATHS = (
					"$(inherited)",
					"$(PROJECT_DIR)",
					"$(PROJECT_DIR)/KSYPlayerDemo",
				);
				INFOPLIST_FILE = KSYLiveUIDemo/Info.plist;
				LD_RUNPATH_SEARCH_PATHS = "$(inherited) @executable_path/Frameworks";
				PRODUCT_BUNDLE_IDENTIFIER = wx.KSYLiveUIDemo;
				PRODUCT_NAME = "$(TARGET_NAME)";
				TARGETED_DEVICE_FAMILY = "1,2";
			};
			name = Release;
		};
		780508451FAC1C9C0044754A /* Debug */ = {
			isa = XCBuildConfiguration;
			buildSettings = {
				BUNDLE_LOADER = "$(TEST_HOST)";
				CODE_SIGN_STYLE = Automatic;
				INFOPLIST_FILE = KSYLiveUIDemoTests/Info.plist;
				LD_RUNPATH_SEARCH_PATHS = "$(inherited) @executable_path/Frameworks @loader_path/Frameworks";
				PRODUCT_BUNDLE_IDENTIFIER = wx.KSYLiveUIDemoTests;
				PRODUCT_NAME = "$(TARGET_NAME)";
				TARGETED_DEVICE_FAMILY = "1,2";
				TEST_HOST = "$(BUILT_PRODUCTS_DIR)/KSYLiveUIDemo.app/KSYLiveUIDemo";
			};
			name = Debug;
		};
		780508461FAC1C9C0044754A /* Release */ = {
			isa = XCBuildConfiguration;
			buildSettings = {
				BUNDLE_LOADER = "$(TEST_HOST)";
				CODE_SIGN_STYLE = Automatic;
				INFOPLIST_FILE = KSYLiveUIDemoTests/Info.plist;
				LD_RUNPATH_SEARCH_PATHS = "$(inherited) @executable_path/Frameworks @loader_path/Frameworks";
				PRODUCT_BUNDLE_IDENTIFIER = wx.KSYLiveUIDemoTests;
				PRODUCT_NAME = "$(TARGET_NAME)";
				TARGETED_DEVICE_FAMILY = "1,2";
				TEST_HOST = "$(BUILT_PRODUCTS_DIR)/KSYLiveUIDemo.app/KSYLiveUIDemo";
			};
			name = Release;
		};
		780508481FAC1C9C0044754A /* Debug */ = {
			isa = XCBuildConfiguration;
			buildSettings = {
				CODE_SIGN_STYLE = Automatic;
				INFOPLIST_FILE = KSYLiveUIDemoUITests/Info.plist;
				LD_RUNPATH_SEARCH_PATHS = "$(inherited) @executable_path/Frameworks @loader_path/Frameworks";
				PRODUCT_BUNDLE_IDENTIFIER = wx.KSYLiveUIDemoUITests;
				PRODUCT_NAME = "$(TARGET_NAME)";
				TARGETED_DEVICE_FAMILY = "1,2";
				TEST_TARGET_NAME = KSYLiveUIDemo;
			};
			name = Debug;
		};
		780508491FAC1C9C0044754A /* Release */ = {
			isa = XCBuildConfiguration;
			buildSettings = {
				CODE_SIGN_STYLE = Automatic;
				INFOPLIST_FILE = KSYLiveUIDemoUITests/Info.plist;
				LD_RUNPATH_SEARCH_PATHS = "$(inherited) @executable_path/Frameworks @loader_path/Frameworks";
				PRODUCT_BUNDLE_IDENTIFIER = wx.KSYLiveUIDemoUITests;
				PRODUCT_NAME = "$(TARGET_NAME)";
				TARGETED_DEVICE_FAMILY = "1,2";
				TEST_TARGET_NAME = KSYLiveUIDemo;
			};
			name = Release;
		};
/* End XCBuildConfiguration section */

/* Begin XCConfigurationList section */
		780508101FAC1C9C0044754A /* Build configuration list for PBXProject "KSYLiveUIDemo" */ = {
			isa = XCConfigurationList;
			buildConfigurations = (
				7805083F1FAC1C9C0044754A /* Debug */,
				780508401FAC1C9C0044754A /* Release */,
			);
			defaultConfigurationIsVisible = 0;
			defaultConfigurationName = Release;
		};
		780508411FAC1C9C0044754A /* Build configuration list for PBXNativeTarget "KSYLiveUIDemo" */ = {
			isa = XCConfigurationList;
			buildConfigurations = (
				780508421FAC1C9C0044754A /* Debug */,
				780508431FAC1C9C0044754A /* Release */,
			);
			defaultConfigurationIsVisible = 0;
			defaultConfigurationName = Release;
		};
		780508441FAC1C9C0044754A /* Build configuration list for PBXNativeTarget "KSYLiveUIDemoTests" */ = {
			isa = XCConfigurationList;
			buildConfigurations = (
				780508451FAC1C9C0044754A /* Debug */,
				780508461FAC1C9C0044754A /* Release */,
			);
			defaultConfigurationIsVisible = 0;
			defaultConfigurationName = Release;
		};
		780508471FAC1C9C0044754A /* Build configuration list for PBXNativeTarget "KSYLiveUIDemoUITests" */ = {
			isa = XCConfigurationList;
			buildConfigurations = (
				780508481FAC1C9C0044754A /* Debug */,
				780508491FAC1C9C0044754A /* Release */,
			);
			defaultConfigurationIsVisible = 0;
			defaultConfigurationName = Release;
		};
/* End XCConfigurationList section */
	};
	rootObject = 7805080D1FAC1C9C0044754A /* Project object */;
}
